// !$*UTF8*$!
{
	archiveVersion = 1;
	classes = {
	};
	objectVersion = 50;
	objects = {

/* Begin PBXBuildFile section */
		314CE3BE23D24C2800F52B2E /* AppDelegate.swift in Sources */ = {isa = PBXBuildFile; fileRef = 314CE3BD23D24C2800F52B2E /* AppDelegate.swift */; };
		314CE3C023D24C2800F52B2E /* SceneDelegate.swift in Sources */ = {isa = PBXBuildFile; fileRef = 314CE3BF23D24C2800F52B2E /* SceneDelegate.swift */; };
		314CE3C223D24C2800F52B2E /* CameraVC.swift in Sources */ = {isa = PBXBuildFile; fileRef = 314CE3C123D24C2800F52B2E /* CameraVC.swift */; };
		314CE3C523D24C2800F52B2E /* Main.storyboard in Resources */ = {isa = PBXBuildFile; fileRef = 314CE3C323D24C2800F52B2E /* Main.storyboard */; };
		314CE3C723D24C2D00F52B2E /* Assets.xcassets in Resources */ = {isa = PBXBuildFile; fileRef = 314CE3C623D24C2D00F52B2E /* Assets.xcassets */; };
		314CE3CA23D24C2D00F52B2E /* LaunchScreen.storyboard in Resources */ = {isa = PBXBuildFile; fileRef = 314CE3C823D24C2D00F52B2E /* LaunchScreen.storyboard */; };
/* End PBXBuildFile section */

/* Begin PBXFileReference section */
		314CE3BA23D24C2800F52B2E /* image-detection.app */ = {isa = PBXFileReference; explicitFileType = wrapper.application; includeInIndex = 0; path = "image-detection.app"; sourceTree = BUILT_PRODUCTS_DIR; };
		314CE3BD23D24C2800F52B2E /* AppDelegate.swift */ = {isa = PBXFileReference; lastKnownFileType = sourcecode.swift; path = AppDelegate.swift; sourceTree = "<group>"; };
		314CE3BF23D24C2800F52B2E /* SceneDelegate.swift */ = {isa = PBXFileReference; lastKnownFileType = sourcecode.swift; path = SceneDelegate.swift; sourceTree = "<group>"; };
		314CE3C123D24C2800F52B2E /* CameraVC.swift */ = {isa = PBXFileReference; lastKnownFileType = sourcecode.swift; path = CameraVC.swift; sourceTree = "<group>"; };
		314CE3C423D24C2800F52B2E /* Base */ = {isa = PBXFileReference; lastKnownFileType = file.storyboard; name = Base; path = Base.lproj/Main.storyboard; sourceTree = "<group>"; };
		314CE3C623D24C2D00F52B2E /* Assets.xcassets */ = {isa = PBXFileReference; lastKnownFileType = folder.assetcatalog; path = Assets.xcassets; sourceTree = "<group>"; };
		314CE3C923D24C2D00F52B2E /* Base */ = {isa = PBXFileReference; lastKnownFileType = file.storyboard; name = Base; path = Base.lproj/LaunchScreen.storyboard; sourceTree = "<group>"; };
		314CE3CB23D24C2D00F52B2E /* Info.plist */ = {isa = PBXFileReference; lastKnownFileType = text.plist.xml; path = Info.plist; sourceTree = "<group>"; };
/* End PBXFileReference section */

/* Begin PBXFrameworksBuildPhase section */
		314CE3B723D24C2800F52B2E /* Frameworks */ = {
			isa = PBXFrameworksBuildPhase;
			buildActionMask = 2147483647;
			files = (
			);
			runOnlyForDeploymentPostprocessing = 0;
		};
/* End PBXFrameworksBuildPhase section */

/* Begin PBXGroup section */
		314CE3B123D24C2800F52B2E = {
			isa = PBXGroup;
			children = (
				314CE3BC23D24C2800F52B2E /* image-detection */,
				314CE3BB23D24C2800F52B2E /* Products */,
			);
			sourceTree = "<group>";
		};
		314CE3BB23D24C2800F52B2E /* Products */ = {
			isa = PBXGroup;
			children = (
				314CE3BA23D24C2800F52B2E /* image-detection.app */,
			);
			name = Products;
			sourceTree = "<group>";
		};
		314CE3BC23D24C2800F52B2E /* image-detection */ = {
			isa = PBXGroup;
			children = (
				314CE3D423D24C5800F52B2E /* Ressources */,
				314CE3D323D24C4B00F52B2E /* Model */,
				314CE3D223D24C4600F52B2E /* View */,
				314CE3D123D24C4000F52B2E /* Controller */,
				314CE3BD23D24C2800F52B2E /* AppDelegate.swift */,
				314CE3BF23D24C2800F52B2E /* SceneDelegate.swift */,
				314CE3C323D24C2800F52B2E /* Main.storyboard */,
				314CE3C623D24C2D00F52B2E /* Assets.xcassets */,
				314CE3C823D24C2D00F52B2E /* LaunchScreen.storyboard */,
				314CE3CB23D24C2D00F52B2E /* Info.plist */,
			);
			path = "image-detection";
			sourceTree = "<group>";
		};
		314CE3D123D24C4000F52B2E /* Controller */ = {
			isa = PBXGroup;
			children = (
				314CE3C123D24C2800F52B2E /* CameraVC.swift */,
			);
			path = Controller;
			sourceTree = "<group>";
		};
		314CE3D223D24C4600F52B2E /* View */ = {
			isa = PBXGroup;
			children = (
			);
			path = View;
			sourceTree = "<group>";
		};
		314CE3D323D24C4B00F52B2E /* Model */ = {
			isa = PBXGroup;
			children = (
			);
			path = Model;
			sourceTree = "<group>";
		};
		314CE3D423D24C5800F52B2E /* Ressources */ = {
			isa = PBXGroup;
			children = (
			);
			path = Ressources;
			sourceTree = "<group>";
		};
/* End PBXGroup section */

/* Begin PBXNativeTarget section */
		314CE3B923D24C2800F52B2E /* image-detection */ = {
			isa = PBXNativeTarget;
			buildConfigurationList = 314CE3CE23D24C2D00F52B2E /* Build configuration list for PBXNativeTarget "image-detection" */;
			buildPhases = (
				314CE3B623D24C2800F52B2E /* Sources */,
				314CE3B723D24C2800F52B2E /* Frameworks */,
				314CE3B823D24C2800F52B2E /* Resources */,
			);
			buildRules = (
			);
			dependencies = (
			);
			name = "image-detection";
			productName = "image-detection";
			productReference = 314CE3BA23D24C2800F52B2E /* image-detection.app */;
			productType = "com.apple.product-type.application";
		};
/* End PBXNativeTarget section */

/* Begin PBXProject section */
		314CE3B223D24C2800F52B2E /* Project object */ = {
			isa = PBXProject;
			attributes = {
				LastSwiftUpdateCheck = 1130;
				LastUpgradeCheck = 1130;
				ORGANIZATIONNAME = "Kilyan SOCKALINGUM";
				TargetAttributes = {
					314CE3B923D24C2800F52B2E = {
						CreatedOnToolsVersion = 11.3;
					};
				};
			};
			buildConfigurationList = 314CE3B523D24C2800F52B2E /* Build configuration list for PBXProject "image-detection" */;
			compatibilityVersion = "Xcode 9.3";
			developmentRegion = en;
			hasScannedForEncodings = 0;
			knownRegions = (
				en,
				Base,
			);
			mainGroup = 314CE3B123D24C2800F52B2E;
			productRefGroup = 314CE3BB23D24C2800F52B2E /* Products */;
			projectDirPath = "";
			projectRoot = "";
			targets = (
				314CE3B923D24C2800F52B2E /* image-detection */,
			);
		};
/* End PBXProject section */

/* Begin PBXResourcesBuildPhase section */
		314CE3B823D24C2800F52B2E /* Resources */ = {
			isa = PBXResourcesBuildPhase;
			buildActionMask = 2147483647;
			files = (
				314CE3CA23D24C2D00F52B2E /* LaunchScreen.storyboard in Resources */,
				314CE3C723D24C2D00F52B2E /* Assets.xcassets in Resources */,
				314CE3C523D24C2800F52B2E /* Main.storyboard in Resources */,
			);
			runOnlyForDeploymentPostprocessing = 0;
		};
/* End PBXResourcesBuildPhase section */

/* Begin PBXSourcesBuildPhase section */
		314CE3B623D24C2800F52B2E /* Sources */ = {
			isa = PBXSourcesBuildPhase;
			buildActionMask = 2147483647;
			files = (
				314CE3C223D24C2800F52B2E /* CameraVC.swift in Sources */,
				314CE3BE23D24C2800F52B2E /* AppDelegate.swift in Sources */,
				314CE3C023D24C2800F52B2E /* SceneDelegate.swift in Sources */,
			);
			runOnlyForDeploymentPostprocessing = 0;
		};
/* End PBXSourcesBuildPhase section */

/* Begin PBXVariantGroup section */
		314CE3C323D24C2800F52B2E /* Main.storyboard */ = {
			isa = PBXVariantGroup;
			children = (
				314CE3C423D24C2800F52B2E /* Base */,
			);
			name = Main.storyboard;
			sourceTree = "<group>";
		};
		314CE3C823D24C2D00F52B2E /* LaunchScreen.storyboard */ = {
			isa = PBXVariantGroup;
			children = (
				314CE3C923D24C2D00F52B2E /* Base */,
			);
			name = LaunchScreen.storyboard;
			sourceTree = "<group>";
		};
/* End PBXVariantGroup section */

/* Begin XCBuildConfiguration section */
		314CE3CC23D24C2D00F52B2E /* Debug */ = {
			isa = XCBuildConfiguration;
			buildSettings = {
				ALWAYS_SEARCH_USER_PATHS = NO;
				CLANG_ANALYZER_NONNULL = YES;
				CLANG_ANALYZER_NUMBER_OBJECT_CONVERSION = YES_AGGRESSIVE;
				CLANG_CXX_LANGUAGE_STANDARD = "gnu++14";
				CLANG_CXX_LIBRARY = "libc++";
				CLANG_ENABLE_MODULES = YES;
				CLANG_ENABLE_OBJC_ARC = YES;
				CLANG_ENABLE_OBJC_WEAK = YES;
				CLANG_WARN_BLOCK_CAPTURE_AUTORELEASING = YES;
				CLANG_WARN_BOOL_CONVERSION = YES;
				CLANG_WARN_COMMA = YES;
				CLANG_WARN_CONSTANT_CONVERSION = YES;
				CLANG_WARN_DEPRECATED_OBJC_IMPLEMENTATIONS = YES;
				CLANG_WARN_DIRECT_OBJC_ISA_USAGE = YES_ERROR;
				CLANG_WARN_DOCUMENTATION_COMMENTS = YES;
				CLANG_WARN_EMPTY_BODY = YES;
				CLANG_WARN_ENUM_CONVERSION = YES;
				CLANG_WARN_INFINITE_RECURSION = YES;
				CLANG_WARN_INT_CONVERSION = YES;
				CLANG_WARN_NON_LITERAL_NULL_CONVERSION = YES;
				CLANG_WARN_OBJC_IMPLICIT_RETAIN_SELF = YES;
				CLANG_WARN_OBJC_LITERAL_CONVERSION = YES;
				CLANG_WARN_OBJC_ROOT_CLASS = YES_ERROR;
				CLANG_WARN_RANGE_LOOP_ANALYSIS = YES;
				CLANG_WARN_STRICT_PROTOTYPES = YES;
				CLANG_WARN_SUSPICIOUS_MOVE = YES;
				CLANG_WARN_UNGUARDED_AVAILABILITY = YES_AGGRESSIVE;
				CLANG_WARN_UNREACHABLE_CODE = YES;
				CLANG_WARN__DUPLICATE_METHOD_MATCH = YES;
				COPY_PHASE_STRIP = NO;
				DEBUG_INFORMATION_FORMAT = dwarf;
				ENABLE_STRICT_OBJC_MSGSEND = YES;
				ENABLE_TESTABILITY = YES;
				GCC_C_LANGUAGE_STANDARD = gnu11;
				GCC_DYNAMIC_NO_PIC = NO;
				GCC_NO_COMMON_BLOCKS = YES;
				GCC_OPTIMIZATION_LEVEL = 0;
				GCC_PREPROCESSOR_DEFINITIONS = (
					"DEBUG=1",
					"$(inherited)",
				);
				GCC_WARN_64_TO_32_BIT_CONVERSION = YES;
				GCC_WARN_ABOUT_RETURN_TYPE = YES_ERROR;
				GCC_WARN_UNDECLARED_SELECTOR = YES;
				GCC_WARN_UNINITIALIZED_AUTOS = YES_AGGRESSIVE;
				GCC_WARN_UNUSED_FUNCTION = YES;
				GCC_WARN_UNUSED_VARIABLE = YES;
				IPHONEOS_DEPLOYMENT_TARGET = 13.2;
				MTL_ENABLE_DEBUG_INFO = INCLUDE_SOURCE;
				MTL_FAST_MATH = YES;
				ONLY_ACTIVE_ARCH = YES;
				SDKROOT = iphoneos;
				SWIFT_ACTIVE_COMPILATION_CONDITIONS = DEBUG;
				SWIFT_OPTIMIZATION_LEVEL = "-Onone";
			};
			name = Debug;
		};
		314CE3CD23D24C2D00F52B2E /* Release */ = {
			isa = XCBuildConfiguration;
			buildSettings = {
				ALWAYS_SEARCH_USER_PATHS = NO;
				CLANG_ANALYZER_NONNULL = YES;
				CLANG_ANALYZER_NUMBER_OBJECT_CONVERSION = YES_AGGRESSIVE;
				CLANG_CXX_LANGUAGE_STANDARD = "gnu++14";
				CLANG_CXX_LIBRARY = "libc++";
				CLANG_ENABLE_MODULES = YES;
				CLANG_ENABLE_OBJC_ARC = YES;
				CLANG_ENABLE_OBJC_WEAK = YES;
				CLANG_WARN_BLOCK_CAPTURE_AUTORELEASING = YES;
				CLANG_WARN_BOOL_CONVERSION = YES;
				CLANG_WARN_COMMA = YES;
				CLANG_WARN_CONSTANT_CONVERSION = YES;
				CLANG_WARN_DEPRECATED_OBJC_IMPLEMENTATIONS = YES;
				CLANG_WARN_DIRECT_OBJC_ISA_USAGE = YES_ERROR;
				CLANG_WARN_DOCUMENTATION_COMMENTS = YES;
				CLANG_WARN_EMPTY_BODY = YES;
				CLANG_WARN_ENUM_CONVERSION = YES;
				CLANG_WARN_INFINITE_RECURSION = YES;
				CLANG_WARN_INT_CONVERSION = YES;
				CLANG_WARN_NON_LITERAL_NULL_CONVERSION = YES;
				CLANG_WARN_OBJC_IMPLICIT_RETAIN_SELF = YES;
				CLANG_WARN_OBJC_LITERAL_CONVERSION = YES;
				CLANG_WARN_OBJC_ROOT_CLASS = YES_ERROR;
				CLANG_WARN_RANGE_LOOP_ANALYSIS = YES;
				CLANG_WARN_STRICT_PROTOTYPES = YES;
				CLANG_WARN_SUSPICIOUS_MOVE = YES;
				CLANG_WARN_UNGUARDED_AVAILABILITY = YES_AGGRESSIVE;
				CLANG_WARN_UNREACHABLE_CODE = YES;
				CLANG_WARN__DUPLICATE_METHOD_MATCH = YES;
				COPY_PHASE_STRIP = NO;
				DEBUG_INFORMATION_FORMAT = "dwarf-with-dsym";
				ENABLE_NS_ASSERTIONS = NO;
				ENABLE_STRICT_OBJC_MSGSEND = YES;
				GCC_C_LANGUAGE_STANDARD = gnu11;
				GCC_NO_COMMON_BLOCKS = YES;
				GCC_WARN_64_TO_32_BIT_CONVERSION = YES;
				GCC_WARN_ABOUT_RETURN_TYPE = YES_ERROR;
				GCC_WARN_UNDECLARED_SELECTOR = YES;
				GCC_WARN_UNINITIALIZED_AUTOS = YES_AGGRESSIVE;
				GCC_WARN_UNUSED_FUNCTION = YES;
				GCC_WARN_UNUSED_VARIABLE = YES;
				IPHONEOS_DEPLOYMENT_TARGET = 13.2;
				MTL_ENABLE_DEBUG_INFO = NO;
				MTL_FAST_MATH = YES;
				SDKROOT = iphoneos;
				SWIFT_COMPILATION_MODE = wholemodule;
				SWIFT_OPTIMIZATION_LEVEL = "-O";
				VALIDATE_PRODUCT = YES;
			};
			name = Release;
		};
		314CE3CF23D24C2D00F52B2E /* Debug */ = {
			isa = XCBuildConfiguration;
			buildSettings = {
				ASSETCATALOG_COMPILER_APPICON_NAME = AppIcon;
				CODE_SIGN_STYLE = Automatic;
				DEVELOPMENT_TEAM = T32TPN22R5;
				INFOPLIST_FILE = "image-detection/Info.plist";
				LD_RUNPATH_SEARCH_PATHS = (
					"$(inherited)",
					"@executable_path/Frameworks",
				);
				PRODUCT_BUNDLE_IDENTIFIER = "com.kilyansockalingum.image-detection";
				PRODUCT_NAME = "$(TARGET_NAME)";
				SWIFT_VERSION = 5.0;
				TARGETED_DEVICE_FAMILY = "1,2";
			};
			name = Debug;
		};
		314CE3D023D24C2D00F52B2E /* Release */ = {
			isa = XCBuildConfiguration;
			buildSettings = {
				ASSETCATALOG_COMPILER_APPICON_NAME = AppIcon;
				CODE_SIGN_STYLE = Automatic;
				DEVELOPMENT_TEAM = T32TPN22R5;
				INFOPLIST_FILE = "image-detection/Info.plist";
				LD_RUNPATH_SEARCH_PATHS = (
					"$(inherited)",
					"@executable_path/Frameworks",
				);
				PRODUCT_BUNDLE_IDENTIFIER = "com.kilyansockalingum.image-detection";
				PRODUCT_NAME = "$(TARGET_NAME)";
				SWIFT_VERSION = 5.0;
				TARGETED_DEVICE_FAMILY = "1,2";
			};
			name = Release;
		};
/* End XCBuildConfiguration section */

/* Begin XCConfigurationList section */
		314CE3B523D24C2800F52B2E /* Build configuration list for PBXProject "image-detection" */ = {
			isa = XCConfigurationList;
			buildConfigurations = (
				314CE3CC23D24C2D00F52B2E /* Debug */,
				314CE3CD23D24C2D00F52B2E /* Release */,
			);
			defaultConfigurationIsVisible = 0;
			defaultConfigurationName = Release;
		};
		314CE3CE23D24C2D00F52B2E /* Build configuration list for PBXNativeTarget "image-detection" */ = {
			isa = XCConfigurationList;
			buildConfigurations = (
				314CE3CF23D24C2D00F52B2E /* Debug */,
				314CE3D023D24C2D00F52B2E /* Release */,
			);
			defaultConfigurationIsVisible = 0;
			defaultConfigurationName = Release;
		};
/* End XCConfigurationList section */
	};
	rootObject = 314CE3B223D24C2800F52B2E /* Project object */;
}
